
Microsoft Visual Studio Solution File, Format Version 12.00
# Visual Studio Version 17
VisualStudioVersion = 17.4.33122.133
MinimumVisualStudioVersion = 10.0.40219.1
Project("{FAE04EC0-301F-11D3-BF4B-00C04F79EFBC}") = "UpSchoolWebAPI", "UpSchoolWebAPI\UpSchoolWebAPI.csproj", "{DF036272-60DD-498B-BA3F-C3D3576B52D3}"
EndProject
Global
	GlobalSection(SolutionConfigurationPlatforms) = preSolution
		Debug|Any CPU = Debug|Any CPU
		Release|Any CPU = Release|Any CPU
	EndGlobalSection
	GlobalSection(ProjectConfigurationPlatforms) = postSolution
		{DF036272-60DD-498B-BA3F-C3D3576B52D3}.Debug|Any CPU.ActiveCfg = Debug|Any CPU
		{DF036272-60DD-498B-BA3F-C3D3576B52D3}.Debug|Any CPU.Build.0 = Debug|Any CPU
		{DF036272-60DD-498B-BA3F-C3D3576B52D3}.Release|Any CPU.ActiveCfg = Release|Any CPU
		{DF036272-60DD-498B-BA3F-C3D3576B52D3}.Release|Any CPU.Build.0 = Release|Any CPU
	EndGlobalSection
	GlobalSection(SolutionProperties) = preSolution
		HideSolutionNode = FALSE
	EndGlobalSection
	GlobalSection(ExtensibilityGlobals) = postSolution
		SolutionGuid = {8F60F6FB-8D82-4656-AC88-5F67754210B4}
	EndGlobalSection
EndGlobal
